// !$*UTF8*$!
{
	archiveVersion = 1;
	classes = {
	};
	objectVersion = 48;
	objects = {

/* Begin PBXBuildFile section */
		0DDDC3031FAC4BBE006430A3 /* AppDelegate.swift in Sources */ = {isa = PBXBuildFile; fileRef = 0DDDC3021FAC4BBE006430A3 /* AppDelegate.swift */; };
		0DDDC3051FAC4BBE006430A3 /* ViewController.swift in Sources */ = {isa = PBXBuildFile; fileRef = 0DDDC3041FAC4BBE006430A3 /* ViewController.swift */; };
		0DDDC3081FAC4BBE006430A3 /* Main.storyboard in Resources */ = {isa = PBXBuildFile; fileRef = 0DDDC3061FAC4BBE006430A3 /* Main.storyboard */; };
		0DDDC30A1FAC4BBE006430A3 /* Assets.xcassets in Resources */ = {isa = PBXBuildFile; fileRef = 0DDDC3091FAC4BBE006430A3 /* Assets.xcassets */; };
		0DDDC30D1FAC4BBE006430A3 /* LaunchScreen.storyboard in Resources */ = {isa = PBXBuildFile; fileRef = 0DDDC30B1FAC4BBE006430A3 /* LaunchScreen.storyboard */; };
		0DDDC3181FAC4BBF006430A3 /* Hello3Tests.swift in Sources */ = {isa = PBXBuildFile; fileRef = 0DDDC3171FAC4BBF006430A3 /* Hello3Tests.swift */; };
		0DDDC3231FAC4BBF006430A3 /* Hello3UITests.swift in Sources */ = {isa = PBXBuildFile; fileRef = 0DDDC3221FAC4BBF006430A3 /* Hello3UITests.swift */; };
/* End PBXBuildFile section */

/* Begin PBXContainerItemProxy section */
		0DDDC3141FAC4BBF006430A3 /* PBXContainerItemProxy */ = {
			isa = PBXContainerItemProxy;
			containerPortal = 0DDDC2F71FAC4BBE006430A3 /* Project object */;
			proxyType = 1;
			remoteGlobalIDString = 0DDDC2FE1FAC4BBE006430A3;
			remoteInfo = Hello3;
		};
		0DDDC31F1FAC4BBF006430A3 /* PBXContainerItemProxy */ = {
			isa = PBXContainerItemProxy;
			containerPortal = 0DDDC2F71FAC4BBE006430A3 /* Project object */;
			proxyType = 1;
			remoteGlobalIDString = 0DDDC2FE1FAC4BBE006430A3;
			remoteInfo = Hello3;
		};
/* End PBXContainerItemProxy section */

/* Begin PBXFileReference section */
		0DDDC2FF1FAC4BBE006430A3 /* Hello3.app */ = {isa = PBXFileReference; explicitFileType = wrapper.application; includeInIndex = 0; path = Hello3.app; sourceTree = BUILT_PRODUCTS_DIR; };
		0DDDC3021FAC4BBE006430A3 /* AppDelegate.swift */ = {isa = PBXFileReference; lastKnownFileType = sourcecode.swift; path = AppDelegate.swift; sourceTree = "<group>"; };
		0DDDC3041FAC4BBE006430A3 /* ViewController.swift */ = {isa = PBXFileReference; lastKnownFileType = sourcecode.swift; path = ViewController.swift; sourceTree = "<group>"; };
		0DDDC3071FAC4BBE006430A3 /* Base */ = {isa = PBXFileReference; lastKnownFileType = file.storyboard; name = Base; path = Base.lproj/Main.storyboard; sourceTree = "<group>"; };
		0DDDC3091FAC4BBE006430A3 /* Assets.xcassets */ = {isa = PBXFileReference; lastKnownFileType = folder.assetcatalog; path = Assets.xcassets; sourceTree = "<group>"; };
		0DDDC30C1FAC4BBE006430A3 /* Base */ = {isa = PBXFileReference; lastKnownFileType = file.storyboard; name = Base; path = Base.lproj/LaunchScreen.storyboard; sourceTree = "<group>"; };
		0DDDC30E1FAC4BBF006430A3 /* Info.plist */ = {isa = PBXFileReference; lastKnownFileType = text.plist.xml; path = Info.plist; sourceTree = "<group>"; };
		0DDDC3131FAC4BBF006430A3 /* Hello3Tests.xctest */ = {isa = PBXFileReference; explicitFileType = wrapper.cfbundle; includeInIndex = 0; path = Hello3Tests.xctest; sourceTree = BUILT_PRODUCTS_DIR; };
		0DDDC3171FAC4BBF006430A3 /* Hello3Tests.swift */ = {isa = PBXFileReference; lastKnownFileType = sourcecode.swift; path = Hello3Tests.swift; sourceTree = "<group>"; };
		0DDDC3191FAC4BBF006430A3 /* Info.plist */ = {isa = PBXFileReference; lastKnownFileType = text.plist.xml; path = Info.plist; sourceTree = "<group>"; };
		0DDDC31E1FAC4BBF006430A3 /* Hello3UITests.xctest */ = {isa = PBXFileReference; explicitFileType = wrapper.cfbundle; includeInIndex = 0; path = Hello3UITests.xctest; sourceTree = BUILT_PRODUCTS_DIR; };
		0DDDC3221FAC4BBF006430A3 /* Hello3UITests.swift */ = {isa = PBXFileReference; lastKnownFileType = sourcecode.swift; path = Hello3UITests.swift; sourceTree = "<group>"; };
		0DDDC3241FAC4BC0006430A3 /* Info.plist */ = {isa = PBXFileReference; lastKnownFileType = text.plist.xml; path = Info.plist; sourceTree = "<group>"; };
/* End PBXFileReference section */

/* Begin PBXFrameworksBuildPhase section */
		0DDDC2FC1FAC4BBE006430A3 /* Frameworks */ = {
			isa = PBXFrameworksBuildPhase;
			buildActionMask = 2147483647;
			files = (
			);
			runOnlyForDeploymentPostprocessing = 0;
		};
		0DDDC3101FAC4BBF006430A3 /* Frameworks */ = {
			isa = PBXFrameworksBuildPhase;
			buildActionMask = 2147483647;
			files = (
			);
			runOnlyForDeploymentPostprocessing = 0;
		};
		0DDDC31B1FAC4BBF006430A3 /* Frameworks */ = {
			isa = PBXFrameworksBuildPhase;
			buildActionMask = 2147483647;
			files = (
			);
			runOnlyForDeploymentPostprocessing = 0;
		};
/* End PBXFrameworksBuildPhase section */

/* Begin PBXGroup section */
		0DDDC2F61FAC4BBE006430A3 = {
			isa = PBXGroup;
			children = (
				0DDDC3011FAC4BBE006430A3 /* Hello3 */,
				0DDDC3161FAC4BBF006430A3 /* Hello3Tests */,
				0DDDC3211FAC4BBF006430A3 /* Hello3UITests */,
				0DDDC3001FAC4BBE006430A3 /* Products */,
			);
			sourceTree = "<group>";
		};
		0DDDC3001FAC4BBE006430A3 /* Products */ = {
			isa = PBXGroup;
			children = (
				0DDDC2FF1FAC4BBE006430A3 /* Hello3.app */,
				0DDDC3131FAC4BBF006430A3 /* Hello3Tests.xctest */,
				0DDDC31E1FAC4BBF006430A3 /* Hello3UITests.xctest */,
			);
			name = Products;
			sourceTree = "<group>";
		};
		0DDDC3011FAC4BBE006430A3 /* Hello3 */ = {
			isa = PBXGroup;
			children = (
				0DDDC3021FAC4BBE006430A3 /* AppDelegate.swift */,
				0DDDC3041FAC4BBE006430A3 /* ViewController.swift */,
				0DDDC3061FAC4BBE006430A3 /* Main.storyboard */,
				0DDDC3091FAC4BBE006430A3 /* Assets.xcassets */,
				0DDDC30B1FAC4BBE006430A3 /* LaunchScreen.storyboard */,
				0DDDC30E1FAC4BBF006430A3 /* Info.plist */,
			);
			path = Hello3;
			sourceTree = "<group>";
		};
		0DDDC3161FAC4BBF006430A3 /* Hello3Tests */ = {
			isa = PBXGroup;
			children = (
				0DDDC3171FAC4BBF006430A3 /* Hello3Tests.swift */,
				0DDDC3191FAC4BBF006430A3 /* Info.plist */,
			);
			path = Hello3Tests;
			sourceTree = "<group>";
		};
		0DDDC3211FAC4BBF006430A3 /* Hello3UITests */ = {
			isa = PBXGroup;
			children = (
				0DDDC3221FAC4BBF006430A3 /* Hello3UITests.swift */,
				0DDDC3241FAC4BC0006430A3 /* Info.plist */,
			);
			path = Hello3UITests;
			sourceTree = "<group>";
		};
/* End PBXGroup section */

/* Begin PBXNativeTarget section */
		0DDDC2FE1FAC4BBE006430A3 /* Hello3 */ = {
			isa = PBXNativeTarget;
			buildConfigurationList = 0DDDC3271FAC4BC0006430A3 /* Build configuration list for PBXNativeTarget "Hello3" */;
			buildPhases = (
				0DDDC2FB1FAC4BBE006430A3 /* Sources */,
				0DDDC2FC1FAC4BBE006430A3 /* Frameworks */,
				0DDDC2FD1FAC4BBE006430A3 /* Resources */,
			);
			buildRules = (
			);
			dependencies = (
			);
			name = Hello3;
			productName = Hello3;
			productReference = 0DDDC2FF1FAC4BBE006430A3 /* Hello3.app */;
			productType = "com.apple.product-type.application";
		};
		0DDDC3121FAC4BBF006430A3 /* Hello3Tests */ = {
			isa = PBXNativeTarget;
			buildConfigurationList = 0DDDC32A1FAC4BC0006430A3 /* Build configuration list for PBXNativeTarget "Hello3Tests" */;
			buildPhases = (
				0DDDC30F1FAC4BBF006430A3 /* Sources */,
				0DDDC3101FAC4BBF006430A3 /* Frameworks */,
				0DDDC3111FAC4BBF006430A3 /* Resources */,
			);
			buildRules = (
			);
			dependencies = (
				0DDDC3151FAC4BBF006430A3 /* PBXTargetDependency */,
			);
			name = Hello3Tests;
			productName = Hello3Tests;
			productReference = 0DDDC3131FAC4BBF006430A3 /* Hello3Tests.xctest */;
			productType = "com.apple.product-type.bundle.unit-test";
		};
		0DDDC31D1FAC4BBF006430A3 /* Hello3UITests */ = {
			isa = PBXNativeTarget;
			buildConfigurationList = 0DDDC32D1FAC4BC0006430A3 /* Build configuration list for PBXNativeTarget "Hello3UITests" */;
			buildPhases = (
				0DDDC31A1FAC4BBF006430A3 /* Sources */,
				0DDDC31B1FAC4BBF006430A3 /* Frameworks */,
				0DDDC31C1FAC4BBF006430A3 /* Resources */,
			);
			buildRules = (
			);
			dependencies = (
				0DDDC3201FAC4BBF006430A3 /* PBXTargetDependency */,
			);
			name = Hello3UITests;
			productName = Hello3UITests;
			productReference = 0DDDC31E1FAC4BBF006430A3 /* Hello3UITests.xctest */;
			productType = "com.apple.product-type.bundle.ui-testing";
		};
/* End PBXNativeTarget section */

/* Begin PBXProject section */
		0DDDC2F71FAC4BBE006430A3 /* Project object */ = {
			isa = PBXProject;
			attributes = {
				LastSwiftUpdateCheck = 0910;
				LastUpgradeCheck = 0910;
				ORGANIZATIONNAME = lee;
				TargetAttributes = {
					0DDDC2FE1FAC4BBE006430A3 = {
						CreatedOnToolsVersion = 9.1;
						ProvisioningStyle = Automatic;
					};
					0DDDC3121FAC4BBF006430A3 = {
						CreatedOnToolsVersion = 9.1;
						ProvisioningStyle = Automatic;
						TestTargetID = 0DDDC2FE1FAC4BBE006430A3;
					};
					0DDDC31D1FAC4BBF006430A3 = {
						CreatedOnToolsVersion = 9.1;
						ProvisioningStyle = Automatic;
						TestTargetID = 0DDDC2FE1FAC4BBE006430A3;
					};
				};
			};
			buildConfigurationList = 0DDDC2FA1FAC4BBE006430A3 /* Build configuration list for PBXProject "Hello3" */;
			compatibilityVersion = "Xcode 8.0";
			developmentRegion = en;
			hasScannedForEncodings = 0;
			knownRegions = (
				en,
				Base,
			);
			mainGroup = 0DDDC2F61FAC4BBE006430A3;
			productRefGroup = 0DDDC3001FAC4BBE006430A3 /* Products */;
			projectDirPath = "";
			projectRoot = "";
			targets = (
				0DDDC2FE1FAC4BBE006430A3 /* Hello3 */,
				0DDDC3121FAC4BBF006430A3 /* Hello3Tests */,
				0DDDC31D1FAC4BBF006430A3 /* Hello3UITests */,
			);
		};
/* End PBXProject section */

/* Begin PBXResourcesBuildPhase section */
		0DDDC2FD1FAC4BBE006430A3 /* Resources */ = {
			isa = PBXResourcesBuildPhase;
			buildActionMask = 2147483647;
			files = (
				0DDDC30D1FAC4BBE006430A3 /* LaunchScreen.storyboard in Resources */,
				0DDDC30A1FAC4BBE006430A3 /* Assets.xcassets in Resources */,
				0DDDC3081FAC4BBE006430A3 /* Main.storyboard in Resources */,
			);
			runOnlyForDeploymentPostprocessing = 0;
		};
		0DDDC3111FAC4BBF006430A3 /* Resources */ = {
			isa = PBXResourcesBuildPhase;
			buildActionMask = 2147483647;
			files = (
			);
			runOnlyForDeploymentPostprocessing = 0;
		};
		0DDDC31C1FAC4BBF006430A3 /* Resources */ = {
			isa = PBXResourcesBuildPhase;
			buildActionMask = 2147483647;
			files = (
			);
			runOnlyForDeploymentPostprocessing = 0;
		};
/* End PBXResourcesBuildPhase section */

/* Begin PBXSourcesBuildPhase section */
		0DDDC2FB1FAC4BBE006430A3 /* Sources */ = {
			isa = PBXSourcesBuildPhase;
			buildActionMask = 2147483647;
			files = (
				0DDDC3051FAC4BBE006430A3 /* ViewController.swift in Sources */,
				0DDDC3031FAC4BBE006430A3 /* AppDelegate.swift in Sources */,
			);
			runOnlyForDeploymentPostprocessing = 0;
		};
		0DDDC30F1FAC4BBF006430A3 /* Sources */ = {
			isa = PBXSourcesBuildPhase;
			buildActionMask = 2147483647;
			files = (
				0DDDC3181FAC4BBF006430A3 /* Hello3Tests.swift in Sources */,
			);
			runOnlyForDeploymentPostprocessing = 0;
		};
		0DDDC31A1FAC4BBF006430A3 /* Sources */ = {
			isa = PBXSourcesBuildPhase;
			buildActionMask = 2147483647;
			files = (
				0DDDC3231FAC4BBF006430A3 /* Hello3UITests.swift in Sources */,
			);
			runOnlyForDeploymentPostprocessing = 0;
		};
/* End PBXSourcesBuildPhase section */

/* Begin PBXTargetDependency section */
		0DDDC3151FAC4BBF006430A3 /* PBXTargetDependency */ = {
			isa = PBXTargetDependency;
			target = 0DDDC2FE1FAC4BBE006430A3 /* Hello3 */;
			targetProxy = 0DDDC3141FAC4BBF006430A3 /* PBXContainerItemProxy */;
		};
		0DDDC3201FAC4BBF006430A3 /* PBXTargetDependency */ = {
			isa = PBXTargetDependency;
			target = 0DDDC2FE1FAC4BBE006430A3 /* Hello3 */;
			targetProxy = 0DDDC31F1FAC4BBF006430A3 /* PBXContainerItemProxy */;
		};
/* End PBXTargetDependency section */

/* Begin PBXVariantGroup section */
		0DDDC3061FAC4BBE006430A3 /* Main.storyboard */ = {
			isa = PBXVariantGroup;
			children = (
				0DDDC3071FAC4BBE006430A3 /* Base */,
			);
			name = Main.storyboard;
			sourceTree = "<group>";
		};
		0DDDC30B1FAC4BBE006430A3 /* LaunchScreen.storyboard */ = {
			isa = PBXVariantGroup;
			children = (
				0DDDC30C1FAC4BBE006430A3 /* Base */,
			);
			name = LaunchScreen.storyboard;
			sourceTree = "<group>";
		};
/* End PBXVariantGroup section */

/* Begin XCBuildConfiguration section */
		0DDDC3251FAC4BC0006430A3 /* Debug */ = {
			isa = XCBuildConfiguration;
			buildSettings = {
				ALWAYS_SEARCH_USER_PATHS = NO;
				CLANG_ANALYZER_NONNULL = YES;
				CLANG_ANALYZER_NUMBER_OBJECT_CONVERSION = YES_AGGRESSIVE;
				CLANG_CXX_LANGUAGE_STANDARD = "gnu++14";
				CLANG_CXX_LIBRARY = "libc++";
				CLANG_ENABLE_MODULES = YES;
				CLANG_ENABLE_OBJC_ARC = YES;
				CLANG_WARN_BLOCK_CAPTURE_AUTORELEASING = YES;
				CLANG_WARN_BOOL_CONVERSION = YES;
				CLANG_WARN_COMMA = YES;
				CLANG_WARN_CONSTANT_CONVERSION = YES;
				CLANG_WARN_DIRECT_OBJC_ISA_USAGE = YES_ERROR;
				CLANG_WARN_DOCUMENTATION_COMMENTS = YES;
				CLANG_WARN_EMPTY_BODY = YES;
				CLANG_WARN_ENUM_CONVERSION = YES;
				CLANG_WARN_INFINITE_RECURSION = YES;
				CLANG_WARN_INT_CONVERSION = YES;
				CLANG_WARN_NON_LITERAL_NULL_CONVERSION = YES;
				CLANG_WARN_OBJC_LITERAL_CONVERSION = YES;
				CLANG_WARN_OBJC_ROOT_CLASS = YES_ERROR;
				CLANG_WARN_RANGE_LOOP_ANALYSIS = YES;
				CLANG_WARN_STRICT_PROTOTYPES = YES;
				CLANG_WARN_SUSPICIOUS_MOVE = YES;
				CLANG_WARN_UNGUARDED_AVAILABILITY = YES_AGGRESSIVE;
				CLANG_WARN_UNREACHABLE_CODE = YES;
				CLANG_WARN__DUPLICATE_METHOD_MATCH = YES;
				CODE_SIGN_IDENTITY = "iPhone Developer";
				COPY_PHASE_STRIP = NO;
				DEBUG_INFORMATION_FORMAT = dwarf;
				ENABLE_STRICT_OBJC_MSGSEND = YES;
				ENABLE_TESTABILITY = YES;
				GCC_C_LANGUAGE_STANDARD = gnu11;
				GCC_DYNAMIC_NO_PIC = NO;
				GCC_NO_COMMON_BLOCKS = YES;
				GCC_OPTIMIZATION_LEVEL = 0;
				GCC_PREPROCESSOR_DEFINITIONS = (
					"DEBUG=1",
					"$(inherited)",
				);
				GCC_WARN_64_TO_32_BIT_CONVERSION = YES;
				GCC_WARN_ABOUT_RETURN_TYPE = YES_ERROR;
				GCC_WARN_UNDECLARED_SELECTOR = YES;
				GCC_WARN_UNINITIALIZED_AUTOS = YES_AGGRESSIVE;
				GCC_WARN_UNUSED_FUNCTION = YES;
				GCC_WARN_UNUSED_VARIABLE = YES;
				IPHONEOS_DEPLOYMENT_TARGET = 11.1;
				MTL_ENABLE_DEBUG_INFO = YES;
				ONLY_ACTIVE_ARCH = YES;
				SDKROOT = iphoneos;
				SWIFT_ACTIVE_COMPILATION_CONDITIONS = DEBUG;
				SWIFT_OPTIMIZATION_LEVEL = "-Onone";
			};
			name = Debug;
		};
		0DDDC3261FAC4BC0006430A3 /* Release */ = {
			isa = XCBuildConfiguration;
			buildSettings = {
				ALWAYS_SEARCH_USER_PATHS = NO;
				CLANG_ANALYZER_NONNULL = YES;
				CLANG_ANALYZER_NUMBER_OBJECT_CONVERSION = YES_AGGRESSIVE;
				CLANG_CXX_LANGUAGE_STANDARD = "gnu++14";
				CLANG_CXX_LIBRARY = "libc++";
				CLANG_ENABLE_MODULES = YES;
				CLANG_ENABLE_OBJC_ARC = YES;
				CLANG_WARN_BLOCK_CAPTURE_AUTORELEASING = YES;
				CLANG_WARN_BOOL_CONVERSION = YES;
				CLANG_WARN_COMMA = YES;
				CLANG_WARN_CONSTANT_CONVERSION = YES;
				CLANG_WARN_DIRECT_OBJC_ISA_USAGE = YES_ERROR;
				CLANG_WARN_DOCUMENTATION_COMMENTS = YES;
				CLANG_WARN_EMPTY_BODY = YES;
				CLANG_WARN_ENUM_CONVERSION = YES;
				CLANG_WARN_INFINITE_RECURSION = YES;
				CLANG_WARN_INT_CONVERSION = YES;
				CLANG_WARN_NON_LITERAL_NULL_CONVERSION = YES;
				CLANG_WARN_OBJC_LITERAL_CONVERSION = YES;
				CLANG_WARN_OBJC_ROOT_CLASS = YES_ERROR;
				CLANG_WARN_RANGE_LOOP_ANALYSIS = YES;
				CLANG_WARN_STRICT_PROTOTYPES = YES;
				CLANG_WARN_SUSPICIOUS_MOVE = YES;
				CLANG_WARN_UNGUARDED_AVAILABILITY = YES_AGGRESSIVE;
				CLANG_WARN_UNREACHABLE_CODE = YES;
				CLANG_WARN__DUPLICATE_METHOD_MATCH = YES;
				CODE_SIGN_IDENTITY = "iPhone Developer";
				COPY_PHASE_STRIP = NO;
				DEBUG_INFORMATION_FORMAT = "dwarf-with-dsym";
				ENABLE_NS_ASSERTIONS = NO;
				ENABLE_STRICT_OBJC_MSGSEND = YES;
				GCC_C_LANGUAGE_STANDARD = gnu11;
				GCC_NO_COMMON_BLOCKS = YES;
				GCC_WARN_64_TO_32_BIT_CONVERSION = YES;
				GCC_WARN_ABOUT_RETURN_TYPE = YES_ERROR;
				GCC_WARN_UNDECLARED_SELECTOR = YES;
				GCC_WARN_UNINITIALIZED_AUTOS = YES_AGGRESSIVE;
				GCC_WARN_UNUSED_FUNCTION = YES;
				GCC_WARN_UNUSED_VARIABLE = YES;
				IPHONEOS_DEPLOYMENT_TARGET = 11.1;
				MTL_ENABLE_DEBUG_INFO = NO;
				SDKROOT = iphoneos;
				SWIFT_OPTIMIZATION_LEVEL = "-Owholemodule";
				VALIDATE_PRODUCT = YES;
			};
			name = Release;
		};
		0DDDC3281FAC4BC0006430A3 /* Debug */ = {
			isa = XCBuildConfiguration;
			buildSettings = {
				ASSETCATALOG_COMPILER_APPICON_NAME = AppIcon;
				CODE_SIGN_STYLE = Automatic;
				INFOPLIST_FILE = Hello3/Info.plist;
				LD_RUNPATH_SEARCH_PATHS = "$(inherited) @executable_path/Frameworks";
				PRODUCT_BUNDLE_IDENTIFIER = CNL.Hello3;
				PRODUCT_NAME = "$(TARGET_NAME)";
				SWIFT_VERSION = 4.0;
				TARGETED_DEVICE_FAMILY = "1,2";
			};
			name = Debug;
		};
		0DDDC3291FAC4BC0006430A3 /* Release */ = {
			isa = XCBuildConfiguration;
			buildSettings = {
				ASSETCATALOG_COMPILER_APPICON_NAME = AppIcon;
				CODE_SIGN_STYLE = Automatic;
				INFOPLIST_FILE = Hello3/Info.plist;
				LD_RUNPATH_SEARCH_PATHS = "$(inherited) @executable_path/Frameworks";
				PRODUCT_BUNDLE_IDENTIFIER = CNL.Hello3;
				PRODUCT_NAME = "$(TARGET_NAME)";
				SWIFT_VERSION = 4.0;
				TARGETED_DEVICE_FAMILY = "1,2";
			};
			name = Release;
		};
		0DDDC32B1FAC4BC0006430A3 /* Debug */ = {
			isa = XCBuildConfiguration;
			buildSettings = {
				ALWAYS_EMBED_SWIFT_STANDARD_LIBRARIES = YES;
				BUNDLE_LOADER = "$(TEST_HOST)";
				CODE_SIGN_STYLE = Automatic;
				INFOPLIST_FILE = Hello3Tests/Info.plist;
				LD_RUNPATH_SEARCH_PATHS = "$(inherited) @executable_path/Frameworks @loader_path/Frameworks";
				PRODUCT_BUNDLE_IDENTIFIER = CNL.Hello3Tests;
				PRODUCT_NAME = "$(TARGET_NAME)";
				SWIFT_VERSION = 4.0;
				TARGETED_DEVICE_FAMILY = "1,2";
				TEST_HOST = "$(BUILT_PRODUCTS_DIR)/Hello3.app/Hello3";
			};
			name = Debug;
		};
		0DDDC32C1FAC4BC0006430A3 /* Release */ = {
			isa = XCBuildConfiguration;
			buildSettings = {
				ALWAYS_EMBED_SWIFT_STANDARD_LIBRARIES = YES;
				BUNDLE_LOADER = "$(TEST_HOST)";
				CODE_SIGN_STYLE = Automatic;
				INFOPLIST_FILE = Hello3Tests/Info.plist;
				LD_RUNPATH_SEARCH_PATHS = "$(inherited) @executable_path/Frameworks @loader_path/Frameworks";
				PRODUCT_BUNDLE_IDENTIFIER = CNL.Hello3Tests;
				PRODUCT_NAME = "$(TARGET_NAME)";
				SWIFT_VERSION = 4.0;
				TARGETED_DEVICE_FAMILY = "1,2";
				TEST_HOST = "$(BUILT_PRODUCTS_DIR)/Hello3.app/Hello3";
			};
			name = Release;
		};
		0DDDC32E1FAC4BC0006430A3 /* Debug */ = {
			isa = XCBuildConfiguration;
			buildSettings = {
				ALWAYS_EMBED_SWIFT_STANDARD_LIBRARIES = YES;
				CODE_SIGN_STYLE = Automatic;
				INFOPLIST_FILE = Hello3UITests/Info.plist;
				LD_RUNPATH_SEARCH_PATHS = "$(inherited) @executable_path/Frameworks @loader_path/Frameworks";
				PRODUCT_BUNDLE_IDENTIFIER = CNL.Hello3UITests;
				PRODUCT_NAME = "$(TARGET_NAME)";
				SWIFT_VERSION = 4.0;
				TARGETED_DEVICE_FAMILY = "1,2";
				TEST_TARGET_NAME = Hello3;
			};
			name = Debug;
		};
		0DDDC32F1FAC4BC0006430A3 /* Release */ = {
			isa = XCBuildConfiguration;
			buildSettings = {
				ALWAYS_EMBED_SWIFT_STANDARD_LIBRARIES = YES;
				CODE_SIGN_STYLE = Automatic;
				INFOPLIST_FILE = Hello3UITests/Info.plist;
				LD_RUNPATH_SEARCH_PATHS = "$(inherited) @executable_path/Frameworks @loader_path/Frameworks";
				PRODUCT_BUNDLE_IDENTIFIER = CNL.Hello3UITests;
				PRODUCT_NAME = "$(TARGET_NAME)";
				SWIFT_VERSION = 4.0;
				TARGETED_DEVICE_FAMILY = "1,2";
				TEST_TARGET_NAME = Hello3;
			};
			name = Release;
		};
/* End XCBuildConfiguration section */

/* Begin XCConfigurationList section */
		0DDDC2FA1FAC4BBE006430A3 /* Build configuration list for PBXProject "Hello3" */ = {
			isa = XCConfigurationList;
			buildConfigurations = (
				0DDDC3251FAC4BC0006430A3 /* Debug */,
				0DDDC3261FAC4BC0006430A3 /* Release */,
			);
			defaultConfigurationIsVisible = 0;
			defaultConfigurationName = Release;
		};
		0DDDC3271FAC4BC0006430A3 /* Build configuration list for PBXNativeTarget "Hello3" */ = {
			isa = XCConfigurationList;
			buildConfigurations = (
				0DDDC3281FAC4BC0006430A3 /* Debug */,
				0DDDC3291FAC4BC0006430A3 /* Release */,
			);
			defaultConfigurationIsVisible = 0;
			defaultConfigurationName = Release;
		};
		0DDDC32A1FAC4BC0006430A3 /* Build configuration list for PBXNativeTarget "Hello3Tests" */ = {
			isa = XCConfigurationList;
			buildConfigurations = (
				0DDDC32B1FAC4BC0006430A3 /* Debug */,
				0DDDC32C1FAC4BC0006430A3 /* Release */,
			);
			defaultConfigurationIsVisible = 0;
			defaultConfigurationName = Release;
		};
		0DDDC32D1FAC4BC0006430A3 /* Build configuration list for PBXNativeTarget "Hello3UITests" */ = {
			isa = XCConfigurationList;
			buildConfigurations = (
				0DDDC32E1FAC4BC0006430A3 /* Debug */,
				0DDDC32F1FAC4BC0006430A3 /* Release */,
			);
			defaultConfigurationIsVisible = 0;
			defaultConfigurationName = Release;
		};
/* End XCConfigurationList section */
	};
	rootObject = 0DDDC2F71FAC4BBE006430A3 /* Project object */;
}
